
Microsoft Visual Studio Solution File, Format Version 12.00
# Visual Studio Version 17
VisualStudioVersion = 17.5.33424.131
MinimumVisualStudioVersion = 10.0.40219.1
Project("{FAE04EC0-301F-11D3-BF4B-00C04F79EFBC}") = "DbFirstApproch", "DbFirstApproch\DbFirstApproch.csproj", "{7CD8C20C-155E-4D0A-A1AA-551C91A14BDA}"
EndProject
Global
	GlobalSection(SolutionConfigurationPlatforms) = preSolution
		Debug|Any CPU = Debug|Any CPU
		Release|Any CPU = Release|Any CPU
	EndGlobalSection
	GlobalSection(ProjectConfigurationPlatforms) = postSolution
		{7CD8C20C-155E-4D0A-A1AA-551C91A14BDA}.Debug|Any CPU.ActiveCfg = Debug|Any CPU
		{7CD8C20C-155E-4D0A-A1AA-551C91A14BDA}.Debug|Any CPU.Build.0 = Debug|Any CPU
		{7CD8C20C-155E-4D0A-A1AA-551C91A14BDA}.Release|Any CPU.ActiveCfg = Release|Any CPU
		{7CD8C20C-155E-4D0A-A1AA-551C91A14BDA}.Release|Any CPU.Build.0 = Release|Any CPU
	EndGlobalSection
	GlobalSection(SolutionProperties) = preSolution
		HideSolutionNode = FALSE
	EndGlobalSection
	GlobalSection(ExtensibilityGlobals) = postSolution
		SolutionGuid = {906C2D85-3C9D-42DB-869C-E47D98DFF53F}
	EndGlobalSection
EndGlobal
